
Microsoft Visual Studio Solution File, Format Version 12.00
# Visual Studio Version 16
VisualStudioVersion = 16.0.30320.27
MinimumVisualStudioVersion = 10.0.40219.1
Project("{FAE04EC0-301F-11D3-BF4B-00C04F79EFBC}") = "PacketSniffer", "PacketSniffer\PacketSniffer.csproj", "{DC6309AE-67EB-460A-AE59-E4E27F24FA2A}"
EndProject
Global
	GlobalSection(SolutionConfigurationPlatforms) = preSolution
		Debug|Any CPU = Debug|Any CPU
		Release|Any CPU = Release|Any CPU
	EndGlobalSection
	GlobalSection(ProjectConfigurationPlatforms) = postSolution
		{DC6309AE-67EB-460A-AE59-E4E27F24FA2A}.Debug|Any CPU.ActiveCfg = Debug|Any CPU
		{DC6309AE-67EB-460A-AE59-E4E27F24FA2A}.Debug|Any CPU.Build.0 = Debug|Any CPU
		{DC6309AE-67EB-460A-AE59-E4E27F24FA2A}.Release|Any CPU.ActiveCfg = Release|Any CPU
		{DC6309AE-67EB-460A-AE59-E4E27F24FA2A}.Release|Any CPU.Build.0 = Release|Any CPU
	EndGlobalSection
	GlobalSection(SolutionProperties) = preSolution
		HideSolutionNode = FALSE
	EndGlobalSection
	GlobalSection(ExtensibilityGlobals) = postSolution
		SolutionGuid = {D5899D11-CBA9-4110-8F2B-EBC520711DBE}
	EndGlobalSection
EndGlobal
